{
  "requires": true,
  "lockfileVersion": 1,
  "dependencies": {
    "lazysizes": {
      "version": "4.1.6",
      "resolved": "https://registry.npmjs.org/lazysizes/-/lazysizes-4.1.6.tgz",
      "integrity": "sha512-tbW91sxEwTIBp0n6YiWE+/O4uFe2w4X66YG2rm6dVf4wsa1hJkrp34FD1XjynU+9BeKP/o9/VZlj+bls0G1cCg=="
    }
  }
}
